// !$*UTF8*$!
{
	archiveVersion = 1;
	classes = {
	};
	objectVersion = 50;
	objects = {

/* Begin PBXBuildFile section */
		EF2BFCA62322B84600CA9A15 /* AppDelegate.swift in Sources */ = {isa = PBXBuildFile; fileRef = EF2BFCA52322B84600CA9A15 /* AppDelegate.swift */; };
		EF2BFCAB2322B84600CA9A15 /* Main.storyboard in Resources */ = {isa = PBXBuildFile; fileRef = EF2BFCA92322B84600CA9A15 /* Main.storyboard */; };
		EF2BFCAD2322B84700CA9A15 /* Assets.xcassets in Resources */ = {isa = PBXBuildFile; fileRef = EF2BFCAC2322B84700CA9A15 /* Assets.xcassets */; };
		EF2BFCB02322B84700CA9A15 /* LaunchScreen.storyboard in Resources */ = {isa = PBXBuildFile; fileRef = EF2BFCAE2322B84700CA9A15 /* LaunchScreen.storyboard */; };
		EF2BFCBD2322B8DE00CA9A15 /* Pokemon.swift in Sources */ = {isa = PBXBuildFile; fileRef = EF2BFCBC2322B8DE00CA9A15 /* Pokemon.swift */; };
/* End PBXBuildFile section */

/* Begin PBXFileReference section */
		EF2BFCA22322B84600CA9A15 /* Pokemon-Test.app */ = {isa = PBXFileReference; explicitFileType = wrapper.application; includeInIndex = 0; path = "Pokemon-Test.app"; sourceTree = BUILT_PRODUCTS_DIR; };
		EF2BFCA52322B84600CA9A15 /* AppDelegate.swift */ = {isa = PBXFileReference; lastKnownFileType = sourcecode.swift; path = AppDelegate.swift; sourceTree = "<group>"; };
		EF2BFCAA2322B84600CA9A15 /* Base */ = {isa = PBXFileReference; lastKnownFileType = file.storyboard; name = Base; path = Base.lproj/Main.storyboard; sourceTree = "<group>"; };
		EF2BFCAC2322B84700CA9A15 /* Assets.xcassets */ = {isa = PBXFileReference; lastKnownFileType = folder.assetcatalog; path = Assets.xcassets; sourceTree = "<group>"; };
		EF2BFCAF2322B84700CA9A15 /* Base */ = {isa = PBXFileReference; lastKnownFileType = file.storyboard; name = Base; path = Base.lproj/LaunchScreen.storyboard; sourceTree = "<group>"; };
		EF2BFCB12322B84700CA9A15 /* Info.plist */ = {isa = PBXFileReference; lastKnownFileType = text.plist.xml; path = Info.plist; sourceTree = "<group>"; };
		EF2BFCBC2322B8DE00CA9A15 /* Pokemon.swift */ = {isa = PBXFileReference; lastKnownFileType = sourcecode.swift; path = Pokemon.swift; sourceTree = "<group>"; };
/* End PBXFileReference section */

/* Begin PBXFrameworksBuildPhase section */
		EF2BFC9F2322B84600CA9A15 /* Frameworks */ = {
			isa = PBXFrameworksBuildPhase;
			buildActionMask = 2147483647;
			files = (
			);
			runOnlyForDeploymentPostprocessing = 0;
		};
/* End PBXFrameworksBuildPhase section */

/* Begin PBXGroup section */
		EF2BFC992322B84600CA9A15 = {
			isa = PBXGroup;
			children = (
				EF2BFCA42322B84600CA9A15 /* Pokemon-Test */,
				EF2BFCB82322B87D00CA9A15 /* Resources */,
				EF2BFCA32322B84600CA9A15 /* Products */,
			);
			sourceTree = "<group>";
		};
		EF2BFCA32322B84600CA9A15 /* Products */ = {
			isa = PBXGroup;
			children = (
				EF2BFCA22322B84600CA9A15 /* Pokemon-Test.app */,
			);
			name = Products;
			sourceTree = "<group>";
		};
		EF2BFCA42322B84600CA9A15 /* Pokemon-Test */ = {
			isa = PBXGroup;
			children = (
				EF2BFCBB2322B8A300CA9A15 /* Model */,
				EF2BFCBA2322B89A00CA9A15 /* Model Controller  */,
				EF2BFCB92322B88F00CA9A15 /* View Controller */,
				EF2BFCB72322B86E00CA9A15 /* Storyboard */,
			);
			path = "Pokemon-Test";
			sourceTree = "<group>";
		};
		EF2BFCB72322B86E00CA9A15 /* Storyboard */ = {
			isa = PBXGroup;
			children = (
				EF2BFCA92322B84600CA9A15 /* Main.storyboard */,
				EF2BFCAE2322B84700CA9A15 /* LaunchScreen.storyboard */,
			);
			path = Storyboard;
			sourceTree = "<group>";
		};
		EF2BFCB82322B87D00CA9A15 /* Resources */ = {
			isa = PBXGroup;
			children = (
				EF2BFCA52322B84600CA9A15 /* AppDelegate.swift */,
				EF2BFCAC2322B84700CA9A15 /* Assets.xcassets */,
				EF2BFCB12322B84700CA9A15 /* Info.plist */,
			);
			path = Resources;
			sourceTree = "<group>";
		};
		EF2BFCB92322B88F00CA9A15 /* View Controller */ = {
			isa = PBXGroup;
			children = (
			);
			path = "View Controller";
			sourceTree = "<group>";
		};
		EF2BFCBA2322B89A00CA9A15 /* Model Controller  */ = {
			isa = PBXGroup;
			children = (
			);
			path = "Model Controller ";
			sourceTree = "<group>";
		};
		EF2BFCBB2322B8A300CA9A15 /* Model */ = {
			isa = PBXGroup;
			children = (
				EF2BFCBC2322B8DE00CA9A15 /* Pokemon.swift */,
			);
			path = Model;
			sourceTree = "<group>";
		};
/* End PBXGroup section */

/* Begin PBXNativeTarget section */
		EF2BFCA12322B84600CA9A15 /* Pokemon-Test */ = {
			isa = PBXNativeTarget;
			buildConfigurationList = EF2BFCB42322B84700CA9A15 /* Build configuration list for PBXNativeTarget "Pokemon-Test" */;
			buildPhases = (
				EF2BFC9E2322B84600CA9A15 /* Sources */,
				EF2BFC9F2322B84600CA9A15 /* Frameworks */,
				EF2BFCA02322B84600CA9A15 /* Resources */,
			);
			buildRules = (
			);
			dependencies = (
			);
			name = "Pokemon-Test";
			productName = "Pokemon-Test";
			productReference = EF2BFCA22322B84600CA9A15 /* Pokemon-Test.app */;
			productType = "com.apple.product-type.application";
		};
/* End PBXNativeTarget section */

/* Begin PBXProject section */
		EF2BFC9A2322B84600CA9A15 /* Project object */ = {
			isa = PBXProject;
			attributes = {
				LastSwiftUpdateCheck = 1030;
				LastUpgradeCheck = 1030;
				ORGANIZATIONNAME = "Hayden Hastings";
				TargetAttributes = {
					EF2BFCA12322B84600CA9A15 = {
						CreatedOnToolsVersion = 10.3;
					};
				};
			};
			buildConfigurationList = EF2BFC9D2322B84600CA9A15 /* Build configuration list for PBXProject "Pokemon-Test" */;
			compatibilityVersion = "Xcode 9.3";
			developmentRegion = en;
			hasScannedForEncodings = 0;
			knownRegions = (
				en,
				Base,
			);
			mainGroup = EF2BFC992322B84600CA9A15;
			productRefGroup = EF2BFCA32322B84600CA9A15 /* Products */;
			projectDirPath = "";
			projectRoot = "";
			targets = (
				EF2BFCA12322B84600CA9A15 /* Pokemon-Test */,
			);
		};
/* End PBXProject section */

/* Begin PBXResourcesBuildPhase section */
		EF2BFCA02322B84600CA9A15 /* Resources */ = {
			isa = PBXResourcesBuildPhase;
			buildActionMask = 2147483647;
			files = (
				EF2BFCB02322B84700CA9A15 /* LaunchScreen.storyboard in Resources */,
				EF2BFCAD2322B84700CA9A15 /* Assets.xcassets in Resources */,
				EF2BFCAB2322B84600CA9A15 /* Main.storyboard in Resources */,
			);
			runOnlyForDeploymentPostprocessing = 0;
		};
/* End PBXResourcesBuildPhase section */

/* Begin PBXSourcesBuildPhase section */
		EF2BFC9E2322B84600CA9A15 /* Sources */ = {
			isa = PBXSourcesBuildPhase;
			buildActionMask = 2147483647;
			files = (
				EF2BFCA62322B84600CA9A15 /* AppDelegate.swift in Sources */,
				EF2BFCBD2322B8DE00CA9A15 /* Pokemon.swift in Sources */,
			);
			runOnlyForDeploymentPostprocessing = 0;
		};
/* End PBXSourcesBuildPhase section */

/* Begin PBXVariantGroup section */
		EF2BFCA92322B84600CA9A15 /* Main.storyboard */ = {
			isa = PBXVariantGroup;
			children = (
				EF2BFCAA2322B84600CA9A15 /* Base */,
			);
			name = Main.storyboard;
			sourceTree = "<group>";
		};
		EF2BFCAE2322B84700CA9A15 /* LaunchScreen.storyboard */ = {
			isa = PBXVariantGroup;
			children = (
				EF2BFCAF2322B84700CA9A15 /* Base */,
			);
			name = LaunchScreen.storyboard;
			sourceTree = "<group>";
		};
/* End PBXVariantGroup section */

/* Begin XCBuildConfiguration section */
		EF2BFCB22322B84700CA9A15 /* Debug */ = {
			isa = XCBuildConfiguration;
			buildSettings = {
				ALWAYS_SEARCH_USER_PATHS = NO;
				CLANG_ANALYZER_NONNULL = YES;
				CLANG_ANALYZER_NUMBER_OBJECT_CONVERSION = YES_AGGRESSIVE;
				CLANG_CXX_LANGUAGE_STANDARD = "gnu++14";
				CLANG_CXX_LIBRARY = "libc++";
				CLANG_ENABLE_MODULES = YES;
				CLANG_ENABLE_OBJC_ARC = YES;
				CLANG_ENABLE_OBJC_WEAK = YES;
				CLANG_WARN_BLOCK_CAPTURE_AUTORELEASING = YES;
				CLANG_WARN_BOOL_CONVERSION = YES;
				CLANG_WARN_COMMA = YES;
				CLANG_WARN_CONSTANT_CONVERSION = YES;
				CLANG_WARN_DEPRECATED_OBJC_IMPLEMENTATIONS = YES;
				CLANG_WARN_DIRECT_OBJC_ISA_USAGE = YES_ERROR;
				CLANG_WARN_DOCUMENTATION_COMMENTS = YES;
				CLANG_WARN_EMPTY_BODY = YES;
				CLANG_WARN_ENUM_CONVERSION = YES;
				CLANG_WARN_INFINITE_RECURSION = YES;
				CLANG_WARN_INT_CONVERSION = YES;
				CLANG_WARN_NON_LITERAL_NULL_CONVERSION = YES;
				CLANG_WARN_OBJC_IMPLICIT_RETAIN_SELF = YES;
				CLANG_WARN_OBJC_LITERAL_CONVERSION = YES;
				CLANG_WARN_OBJC_ROOT_CLASS = YES_ERROR;
				CLANG_WARN_RANGE_LOOP_ANALYSIS = YES;
				CLANG_WARN_STRICT_PROTOTYPES = YES;
				CLANG_WARN_SUSPICIOUS_MOVE = YES;
				CLANG_WARN_UNGUARDED_AVAILABILITY = YES_AGGRESSIVE;
				CLANG_WARN_UNREACHABLE_CODE = YES;
				CLANG_WARN__DUPLICATE_METHOD_MATCH = YES;
				CODE_SIGN_IDENTITY = "iPhone Developer";
				COPY_PHASE_STRIP = NO;
				DEBUG_INFORMATION_FORMAT = dwarf;
				ENABLE_STRICT_OBJC_MSGSEND = YES;
				ENABLE_TESTABILITY = YES;
				GCC_C_LANGUAGE_STANDARD = gnu11;
				GCC_DYNAMIC_NO_PIC = NO;
				GCC_NO_COMMON_BLOCKS = YES;
				GCC_OPTIMIZATION_LEVEL = 0;
				GCC_PREPROCESSOR_DEFINITIONS = (
					"DEBUG=1",
					"$(inherited)",
				);
				GCC_WARN_64_TO_32_BIT_CONVERSION = YES;
				GCC_WARN_ABOUT_RETURN_TYPE = YES_ERROR;
				GCC_WARN_UNDECLARED_SELECTOR = YES;
				GCC_WARN_UNINITIALIZED_AUTOS = YES_AGGRESSIVE;
				GCC_WARN_UNUSED_FUNCTION = YES;
				GCC_WARN_UNUSED_VARIABLE = YES;
				IPHONEOS_DEPLOYMENT_TARGET = 12.4;
				MTL_ENABLE_DEBUG_INFO = INCLUDE_SOURCE;
				MTL_FAST_MATH = YES;
				ONLY_ACTIVE_ARCH = YES;
				SDKROOT = iphoneos;
				SWIFT_ACTIVE_COMPILATION_CONDITIONS = DEBUG;
				SWIFT_OPTIMIZATION_LEVEL = "-Onone";
			};
			name = Debug;
		};
		EF2BFCB32322B84700CA9A15 /* Release */ = {
			isa = XCBuildConfiguration;
			buildSettings = {
				ALWAYS_SEARCH_USER_PATHS = NO;
				CLANG_ANALYZER_NONNULL = YES;
				CLANG_ANALYZER_NUMBER_OBJECT_CONVERSION = YES_AGGRESSIVE;
				CLANG_CXX_LANGUAGE_STANDARD = "gnu++14";
				CLANG_CXX_LIBRARY = "libc++";
				CLANG_ENABLE_MODULES = YES;
				CLANG_ENABLE_OBJC_ARC = YES;
				CLANG_ENABLE_OBJC_WEAK = YES;
				CLANG_WARN_BLOCK_CAPTURE_AUTORELEASING = YES;
				CLANG_WARN_BOOL_CONVERSION = YES;
				CLANG_WARN_COMMA = YES;
				CLANG_WARN_CONSTANT_CONVERSION = YES;
				CLANG_WARN_DEPRECATED_OBJC_IMPLEMENTATIONS = YES;
				CLANG_WARN_DIRECT_OBJC_ISA_USAGE = YES_ERROR;
				CLANG_WARN_DOCUMENTATION_COMMENTS = YES;
				CLANG_WARN_EMPTY_BODY = YES;
				CLANG_WARN_ENUM_CONVERSION = YES;
				CLANG_WARN_INFINITE_RECURSION = YES;
				CLANG_WARN_INT_CONVERSION = YES;
				CLANG_WARN_NON_LITERAL_NULL_CONVERSION = YES;
				CLANG_WARN_OBJC_IMPLICIT_RETAIN_SELF = YES;
				CLANG_WARN_OBJC_LITERAL_CONVERSION = YES;
				CLANG_WARN_OBJC_ROOT_CLASS = YES_ERROR;
				CLANG_WARN_RANGE_LOOP_ANALYSIS = YES;
				CLANG_WARN_STRICT_PROTOTYPES = YES;
				CLANG_WARN_SUSPICIOUS_MOVE = YES;
				CLANG_WARN_UNGUARDED_AVAILABILITY = YES_AGGRESSIVE;
				CLANG_WARN_UNREACHABLE_CODE = YES;
				CLANG_WARN__DUPLICATE_METHOD_MATCH = YES;
				CODE_SIGN_IDENTITY = "iPhone Developer";
				COPY_PHASE_STRIP = NO;
				DEBUG_INFORMATION_FORMAT = "dwarf-with-dsym";
				ENABLE_NS_ASSERTIONS = NO;
				ENABLE_STRICT_OBJC_MSGSEND = YES;
				GCC_C_LANGUAGE_STANDARD = gnu11;
				GCC_NO_COMMON_BLOCKS = YES;
				GCC_WARN_64_TO_32_BIT_CONVERSION = YES;
				GCC_WARN_ABOUT_RETURN_TYPE = YES_ERROR;
				GCC_WARN_UNDECLARED_SELECTOR = YES;
				GCC_WARN_UNINITIALIZED_AUTOS = YES_AGGRESSIVE;
				GCC_WARN_UNUSED_FUNCTION = YES;
				GCC_WARN_UNUSED_VARIABLE = YES;
				IPHONEOS_DEPLOYMENT_TARGET = 12.4;
				MTL_ENABLE_DEBUG_INFO = NO;
				MTL_FAST_MATH = YES;
				SDKROOT = iphoneos;
				SWIFT_COMPILATION_MODE = wholemodule;
				SWIFT_OPTIMIZATION_LEVEL = "-O";
				VALIDATE_PRODUCT = YES;
			};
			name = Release;
		};
		EF2BFCB52322B84700CA9A15 /* Debug */ = {
			isa = XCBuildConfiguration;
			buildSettings = {
				ASSETCATALOG_COMPILER_APPICON_NAME = AppIcon;
				CODE_SIGN_STYLE = Automatic;
				DEVELOPMENT_TEAM = 7V775U4648;
				INFOPLIST_FILE = "$(SRCROOT)/Resources/Info.plist";
				LD_RUNPATH_SEARCH_PATHS = (
					"$(inherited)",
					"@executable_path/Frameworks",
				);
				PRODUCT_BUNDLE_IDENTIFIER = "com.haydenhastings.Pokemon-Test";
				PRODUCT_NAME = "$(TARGET_NAME)";
				SWIFT_VERSION = 5.0;
				TARGETED_DEVICE_FAMILY = "1,2";
			};
			name = Debug;
		};
		EF2BFCB62322B84700CA9A15 /* Release */ = {
			isa = XCBuildConfiguration;
			buildSettings = {
				ASSETCATALOG_COMPILER_APPICON_NAME = AppIcon;
				CODE_SIGN_STYLE = Automatic;
				DEVELOPMENT_TEAM = 7V775U4648;
				INFOPLIST_FILE = "$(SRCROOT)/Resources/Info.plist";
				LD_RUNPATH_SEARCH_PATHS = (
					"$(inherited)",
					"@executable_path/Frameworks",
				);
				PRODUCT_BUNDLE_IDENTIFIER = "com.haydenhastings.Pokemon-Test";
				PRODUCT_NAME = "$(TARGET_NAME)";
				SWIFT_VERSION = 5.0;
				TARGETED_DEVICE_FAMILY = "1,2";
			};
			name = Release;
		};
/* End XCBuildConfiguration section */

/* Begin XCConfigurationList section */
		EF2BFC9D2322B84600CA9A15 /* Build configuration list for PBXProject "Pokemon-Test" */ = {
			isa = XCConfigurationList;
			buildConfigurations = (
				EF2BFCB22322B84700CA9A15 /* Debug */,
				EF2BFCB32322B84700CA9A15 /* Release */,
			);
			defaultConfigurationIsVisible = 0;
			defaultConfigurationName = Release;
		};
		EF2BFCB42322B84700CA9A15 /* Build configuration list for PBXNativeTarget "Pokemon-Test" */ = {
			isa = XCConfigurationList;
			buildConfigurations = (
				EF2BFCB52322B84700CA9A15 /* Debug */,
				EF2BFCB62322B84700CA9A15 /* Release */,
			);
			defaultConfigurationIsVisible = 0;
			defaultConfigurationName = Release;
		};
/* End XCConfigurationList section */
	};
	rootObject = EF2BFC9A2322B84600CA9A15 /* Project object */;
}
